// !$*UTF8*$!
{
	archiveVersion = 1;
	classes = {
	};
	objectVersion = 50;
	objects = {

/* Begin PBXBuildFile section */
		56ED1CFD23FF1E6E008A46AF /* AppDelegate.swift in Sources */ = {isa = PBXBuildFile; fileRef = 56ED1CFC23FF1E6E008A46AF /* AppDelegate.swift */; };
		56ED1CFF23FF1E6E008A46AF /* SceneDelegate.swift in Sources */ = {isa = PBXBuildFile; fileRef = 56ED1CFE23FF1E6E008A46AF /* SceneDelegate.swift */; };
		56ED1D0423FF1E6E008A46AF /* Main.storyboard in Resources */ = {isa = PBXBuildFile; fileRef = 56ED1D0223FF1E6E008A46AF /* Main.storyboard */; };
		56ED1D0623FF1E70008A46AF /* Assets.xcassets in Resources */ = {isa = PBXBuildFile; fileRef = 56ED1D0523FF1E70008A46AF /* Assets.xcassets */; };
		56ED1D0923FF1E70008A46AF /* LaunchScreen.storyboard in Resources */ = {isa = PBXBuildFile; fileRef = 56ED1D0723FF1E70008A46AF /* LaunchScreen.storyboard */; };
		56ED1D1423FF1E70008A46AF /* LocalNotificationLabTests.swift in Sources */ = {isa = PBXBuildFile; fileRef = 56ED1D1323FF1E70008A46AF /* LocalNotificationLabTests.swift */; };
		56ED1D1F23FF2027008A46AF /* NotificationViewController.swift in Sources */ = {isa = PBXBuildFile; fileRef = 56ED1D1E23FF2027008A46AF /* NotificationViewController.swift */; };
		56ED1D2123FF25D8008A46AF /* TimerViewController.swift in Sources */ = {isa = PBXBuildFile; fileRef = 56ED1D2023FF25D8008A46AF /* TimerViewController.swift */; };
/* End PBXBuildFile section */

/* Begin PBXContainerItemProxy section */
		56ED1D1023FF1E70008A46AF /* PBXContainerItemProxy */ = {
			isa = PBXContainerItemProxy;
			containerPortal = 56ED1CF123FF1E6E008A46AF /* Project object */;
			proxyType = 1;
			remoteGlobalIDString = 56ED1CF823FF1E6E008A46AF;
			remoteInfo = LocalNotificationLab;
		};
/* End PBXContainerItemProxy section */

/* Begin PBXFileReference section */
		56ED1CF923FF1E6E008A46AF /* LocalNotificationLab.app */ = {isa = PBXFileReference; explicitFileType = wrapper.application; includeInIndex = 0; path = LocalNotificationLab.app; sourceTree = BUILT_PRODUCTS_DIR; };
		56ED1CFC23FF1E6E008A46AF /* AppDelegate.swift */ = {isa = PBXFileReference; lastKnownFileType = sourcecode.swift; path = AppDelegate.swift; sourceTree = "<group>"; };
		56ED1CFE23FF1E6E008A46AF /* SceneDelegate.swift */ = {isa = PBXFileReference; lastKnownFileType = sourcecode.swift; path = SceneDelegate.swift; sourceTree = "<group>"; };
		56ED1D0323FF1E6E008A46AF /* Base */ = {isa = PBXFileReference; lastKnownFileType = file.storyboard; name = Base; path = Base.lproj/Main.storyboard; sourceTree = "<group>"; };
		56ED1D0523FF1E70008A46AF /* Assets.xcassets */ = {isa = PBXFileReference; lastKnownFileType = folder.assetcatalog; path = Assets.xcassets; sourceTree = "<group>"; };
		56ED1D0823FF1E70008A46AF /* Base */ = {isa = PBXFileReference; lastKnownFileType = file.storyboard; name = Base; path = Base.lproj/LaunchScreen.storyboard; sourceTree = "<group>"; };
		56ED1D0A23FF1E70008A46AF /* Info.plist */ = {isa = PBXFileReference; lastKnownFileType = text.plist.xml; path = Info.plist; sourceTree = "<group>"; };
		56ED1D0F23FF1E70008A46AF /* LocalNotificationLabTests.xctest */ = {isa = PBXFileReference; explicitFileType = wrapper.cfbundle; includeInIndex = 0; path = LocalNotificationLabTests.xctest; sourceTree = BUILT_PRODUCTS_DIR; };
		56ED1D1323FF1E70008A46AF /* LocalNotificationLabTests.swift */ = {isa = PBXFileReference; lastKnownFileType = sourcecode.swift; path = LocalNotificationLabTests.swift; sourceTree = "<group>"; };
		56ED1D1523FF1E70008A46AF /* Info.plist */ = {isa = PBXFileReference; lastKnownFileType = text.plist.xml; path = Info.plist; sourceTree = "<group>"; };
		56ED1D1E23FF2027008A46AF /* NotificationViewController.swift */ = {isa = PBXFileReference; lastKnownFileType = sourcecode.swift; path = NotificationViewController.swift; sourceTree = "<group>"; };
		56ED1D2023FF25D8008A46AF /* TimerViewController.swift */ = {isa = PBXFileReference; lastKnownFileType = sourcecode.swift; path = TimerViewController.swift; sourceTree = "<group>"; };
/* End PBXFileReference section */

/* Begin PBXFrameworksBuildPhase section */
		56ED1CF623FF1E6E008A46AF /* Frameworks */ = {
			isa = PBXFrameworksBuildPhase;
			buildActionMask = 2147483647;
			files = (
			);
			runOnlyForDeploymentPostprocessing = 0;
		};
		56ED1D0C23FF1E70008A46AF /* Frameworks */ = {
			isa = PBXFrameworksBuildPhase;
			buildActionMask = 2147483647;
			files = (
			);
			runOnlyForDeploymentPostprocessing = 0;
		};
/* End PBXFrameworksBuildPhase section */

/* Begin PBXGroup section */
		56ED1CF023FF1E6E008A46AF = {
			isa = PBXGroup;
			children = (
				56ED1CFB23FF1E6E008A46AF /* LocalNotificationLab */,
				56ED1D1223FF1E70008A46AF /* LocalNotificationLabTests */,
				56ED1CFA23FF1E6E008A46AF /* Products */,
			);
			sourceTree = "<group>";
		};
		56ED1CFA23FF1E6E008A46AF /* Products */ = {
			isa = PBXGroup;
			children = (
				56ED1CF923FF1E6E008A46AF /* LocalNotificationLab.app */,
				56ED1D0F23FF1E70008A46AF /* LocalNotificationLabTests.xctest */,
			);
			name = Products;
			sourceTree = "<group>";
		};
		56ED1CFB23FF1E6E008A46AF /* LocalNotificationLab */ = {
			isa = PBXGroup;
			children = (
				56ED1CFC23FF1E6E008A46AF /* AppDelegate.swift */,
				56ED1CFE23FF1E6E008A46AF /* SceneDelegate.swift */,
				56ED1D1E23FF2027008A46AF /* NotificationViewController.swift */,
				56ED1D2023FF25D8008A46AF /* TimerViewController.swift */,
				56ED1D0223FF1E6E008A46AF /* Main.storyboard */,
				56ED1D0523FF1E70008A46AF /* Assets.xcassets */,
				56ED1D0723FF1E70008A46AF /* LaunchScreen.storyboard */,
				56ED1D0A23FF1E70008A46AF /* Info.plist */,
			);
			path = LocalNotificationLab;
			sourceTree = "<group>";
		};
		56ED1D1223FF1E70008A46AF /* LocalNotificationLabTests */ = {
			isa = PBXGroup;
			children = (
				56ED1D1323FF1E70008A46AF /* LocalNotificationLabTests.swift */,
				56ED1D1523FF1E70008A46AF /* Info.plist */,
			);
			path = LocalNotificationLabTests;
			sourceTree = "<group>";
		};
/* End PBXGroup section */

/* Begin PBXNativeTarget section */
		56ED1CF823FF1E6E008A46AF /* LocalNotificationLab */ = {
			isa = PBXNativeTarget;
			buildConfigurationList = 56ED1D1823FF1E70008A46AF /* Build configuration list for PBXNativeTarget "LocalNotificationLab" */;
			buildPhases = (
				56ED1CF523FF1E6E008A46AF /* Sources */,
				56ED1CF623FF1E6E008A46AF /* Frameworks */,
				56ED1CF723FF1E6E008A46AF /* Resources */,
			);
			buildRules = (
			);
			dependencies = (
			);
			name = LocalNotificationLab;
			productName = LocalNotificationLab;
			productReference = 56ED1CF923FF1E6E008A46AF /* LocalNotificationLab.app */;
			productType = "com.apple.product-type.application";
		};
		56ED1D0E23FF1E70008A46AF /* LocalNotificationLabTests */ = {
			isa = PBXNativeTarget;
			buildConfigurationList = 56ED1D1B23FF1E70008A46AF /* Build configuration list for PBXNativeTarget "LocalNotificationLabTests" */;
			buildPhases = (
				56ED1D0B23FF1E70008A46AF /* Sources */,
				56ED1D0C23FF1E70008A46AF /* Frameworks */,
				56ED1D0D23FF1E70008A46AF /* Resources */,
			);
			buildRules = (
			);
			dependencies = (
				56ED1D1123FF1E70008A46AF /* PBXTargetDependency */,
			);
			name = LocalNotificationLabTests;
			productName = LocalNotificationLabTests;
			productReference = 56ED1D0F23FF1E70008A46AF /* LocalNotificationLabTests.xctest */;
			productType = "com.apple.product-type.bundle.unit-test";
		};
/* End PBXNativeTarget section */

/* Begin PBXProject section */
		56ED1CF123FF1E6E008A46AF /* Project object */ = {
			isa = PBXProject;
			attributes = {
				LastSwiftUpdateCheck = 1130;
				LastUpgradeCheck = 1130;
				ORGANIZATIONNAME = "Ian Bailey";
				TargetAttributes = {
					56ED1CF823FF1E6E008A46AF = {
						CreatedOnToolsVersion = 11.3.1;
					};
					56ED1D0E23FF1E70008A46AF = {
						CreatedOnToolsVersion = 11.3.1;
						TestTargetID = 56ED1CF823FF1E6E008A46AF;
					};
				};
			};
			buildConfigurationList = 56ED1CF423FF1E6E008A46AF /* Build configuration list for PBXProject "LocalNotificationLab" */;
			compatibilityVersion = "Xcode 9.3";
			developmentRegion = en;
			hasScannedForEncodings = 0;
			knownRegions = (
				en,
				Base,
			);
			mainGroup = 56ED1CF023FF1E6E008A46AF;
			productRefGroup = 56ED1CFA23FF1E6E008A46AF /* Products */;
			projectDirPath = "";
			projectRoot = "";
			targets = (
				56ED1CF823FF1E6E008A46AF /* LocalNotificationLab */,
				56ED1D0E23FF1E70008A46AF /* LocalNotificationLabTests */,
			);
		};
/* End PBXProject section */

/* Begin PBXResourcesBuildPhase section */
		56ED1CF723FF1E6E008A46AF /* Resources */ = {
			isa = PBXResourcesBuildPhase;
			buildActionMask = 2147483647;
			files = (
				56ED1D0923FF1E70008A46AF /* LaunchScreen.storyboard in Resources */,
				56ED1D0623FF1E70008A46AF /* Assets.xcassets in Resources */,
				56ED1D0423FF1E6E008A46AF /* Main.storyboard in Resources */,
			);
			runOnlyForDeploymentPostprocessing = 0;
		};
		56ED1D0D23FF1E70008A46AF /* Resources */ = {
			isa = PBXResourcesBuildPhase;
			buildActionMask = 2147483647;
			files = (
			);
			runOnlyForDeploymentPostprocessing = 0;
		};
/* End PBXResourcesBuildPhase section */

/* Begin PBXSourcesBuildPhase section */
		56ED1CF523FF1E6E008A46AF /* Sources */ = {
			isa = PBXSourcesBuildPhase;
			buildActionMask = 2147483647;
			files = (
				56ED1D2123FF25D8008A46AF /* TimerViewController.swift in Sources */,
				56ED1CFD23FF1E6E008A46AF /* AppDelegate.swift in Sources */,
				56ED1CFF23FF1E6E008A46AF /* SceneDelegate.swift in Sources */,
				56ED1D1F23FF2027008A46AF /* NotificationViewController.swift in Sources */,
			);
			runOnlyForDeploymentPostprocessing = 0;
		};
		56ED1D0B23FF1E70008A46AF /* Sources */ = {
			isa = PBXSourcesBuildPhase;
			buildActionMask = 2147483647;
			files = (
				56ED1D1423FF1E70008A46AF /* LocalNotificationLabTests.swift in Sources */,
			);
			runOnlyForDeploymentPostprocessing = 0;
		};
/* End PBXSourcesBuildPhase section */

/* Begin PBXTargetDependency section */
		56ED1D1123FF1E70008A46AF /* PBXTargetDependency */ = {
			isa = PBXTargetDependency;
			target = 56ED1CF823FF1E6E008A46AF /* LocalNotificationLab */;
			targetProxy = 56ED1D1023FF1E70008A46AF /* PBXContainerItemProxy */;
		};
/* End PBXTargetDependency section */

/* Begin PBXVariantGroup section */
		56ED1D0223FF1E6E008A46AF /* Main.storyboard */ = {
			isa = PBXVariantGroup;
			children = (
				56ED1D0323FF1E6E008A46AF /* Base */,
			);
			name = Main.storyboard;
			sourceTree = "<group>";
		};
		56ED1D0723FF1E70008A46AF /* LaunchScreen.storyboard */ = {
			isa = PBXVariantGroup;
			children = (
				56ED1D0823FF1E70008A46AF /* Base */,
			);
			name = LaunchScreen.storyboard;
			sourceTree = "<group>";
		};
/* End PBXVariantGroup section */

/* Begin XCBuildConfiguration section */
		56ED1D1623FF1E70008A46AF /* Debug */ = {
			isa = XCBuildConfiguration;
			buildSettings = {
				ALWAYS_SEARCH_USER_PATHS = NO;
				CLANG_ANALYZER_NONNULL = YES;
				CLANG_ANALYZER_NUMBER_OBJECT_CONVERSION = YES_AGGRESSIVE;
				CLANG_CXX_LANGUAGE_STANDARD = "gnu++14";
				CLANG_CXX_LIBRARY = "libc++";
				CLANG_ENABLE_MODULES = YES;
				CLANG_ENABLE_OBJC_ARC = YES;
				CLANG_ENABLE_OBJC_WEAK = YES;
				CLANG_WARN_BLOCK_CAPTURE_AUTORELEASING = YES;
				CLANG_WARN_BOOL_CONVERSION = YES;
				CLANG_WARN_COMMA = YES;
				CLANG_WARN_CONSTANT_CONVERSION = YES;
				CLANG_WARN_DEPRECATED_OBJC_IMPLEMENTATIONS = YES;
				CLANG_WARN_DIRECT_OBJC_ISA_USAGE = YES_ERROR;
				CLANG_WARN_DOCUMENTATION_COMMENTS = YES;
				CLANG_WARN_EMPTY_BODY = YES;
				CLANG_WARN_ENUM_CONVERSION = YES;
				CLANG_WARN_INFINITE_RECURSION = YES;
				CLANG_WARN_INT_CONVERSION = YES;
				CLANG_WARN_NON_LITERAL_NULL_CONVERSION = YES;
				CLANG_WARN_OBJC_IMPLICIT_RETAIN_SELF = YES;
				CLANG_WARN_OBJC_LITERAL_CONVERSION = YES;
				CLANG_WARN_OBJC_ROOT_CLASS = YES_ERROR;
				CLANG_WARN_RANGE_LOOP_ANALYSIS = YES;
				CLANG_WARN_STRICT_PROTOTYPES = YES;
				CLANG_WARN_SUSPICIOUS_MOVE = YES;
				CLANG_WARN_UNGUARDED_AVAILABILITY = YES_AGGRESSIVE;
				CLANG_WARN_UNREACHABLE_CODE = YES;
				CLANG_WARN__DUPLICATE_METHOD_MATCH = YES;
				COPY_PHASE_STRIP = NO;
				DEBUG_INFORMATION_FORMAT = dwarf;
				ENABLE_STRICT_OBJC_MSGSEND = YES;
				ENABLE_TESTABILITY = YES;
				GCC_C_LANGUAGE_STANDARD = gnu11;
				GCC_DYNAMIC_NO_PIC = NO;
				GCC_NO_COMMON_BLOCKS = YES;
				GCC_OPTIMIZATION_LEVEL = 0;
				GCC_PREPROCESSOR_DEFINITIONS = (
					"DEBUG=1",
					"$(inherited)",
				);
				GCC_WARN_64_TO_32_BIT_CONVERSION = YES;
				GCC_WARN_ABOUT_RETURN_TYPE = YES_ERROR;
				GCC_WARN_UNDECLARED_SELECTOR = YES;
				GCC_WARN_UNINITIALIZED_AUTOS = YES_AGGRESSIVE;
				GCC_WARN_UNUSED_FUNCTION = YES;
				GCC_WARN_UNUSED_VARIABLE = YES;
				IPHONEOS_DEPLOYMENT_TARGET = 13.2;
				MTL_ENABLE_DEBUG_INFO = INCLUDE_SOURCE;
				MTL_FAST_MATH = YES;
				ONLY_ACTIVE_ARCH = YES;
				SDKROOT = iphoneos;
				SWIFT_ACTIVE_COMPILATION_CONDITIONS = DEBUG;
				SWIFT_OPTIMIZATION_LEVEL = "-Onone";
			};
			name = Debug;
		};
		56ED1D1723FF1E70008A46AF /* Release */ = {
			isa = XCBuildConfiguration;
			buildSettings = {
				ALWAYS_SEARCH_USER_PATHS = NO;
				CLANG_ANALYZER_NONNULL = YES;
				CLANG_ANALYZER_NUMBER_OBJECT_CONVERSION = YES_AGGRESSIVE;
				CLANG_CXX_LANGUAGE_STANDARD = "gnu++14";
				CLANG_CXX_LIBRARY = "libc++";
				CLANG_ENABLE_MODULES = YES;
				CLANG_ENABLE_OBJC_ARC = YES;
				CLANG_ENABLE_OBJC_WEAK = YES;
				CLANG_WARN_BLOCK_CAPTURE_AUTORELEASING = YES;
				CLANG_WARN_BOOL_CONVERSION = YES;
				CLANG_WARN_COMMA = YES;
				CLANG_WARN_CONSTANT_CONVERSION = YES;
				CLANG_WARN_DEPRECATED_OBJC_IMPLEMENTATIONS = YES;
				CLANG_WARN_DIRECT_OBJC_ISA_USAGE = YES_ERROR;
				CLANG_WARN_DOCUMENTATION_COMMENTS = YES;
				CLANG_WARN_EMPTY_BODY = YES;
				CLANG_WARN_ENUM_CONVERSION = YES;
				CLANG_WARN_INFINITE_RECURSION = YES;
				CLANG_WARN_INT_CONVERSION = YES;
				CLANG_WARN_NON_LITERAL_NULL_CONVERSION = YES;
				CLANG_WARN_OBJC_IMPLICIT_RETAIN_SELF = YES;
				CLANG_WARN_OBJC_LITERAL_CONVERSION = YES;
				CLANG_WARN_OBJC_ROOT_CLASS = YES_ERROR;
				CLANG_WARN_RANGE_LOOP_ANALYSIS = YES;
				CLANG_WARN_STRICT_PROTOTYPES = YES;
				CLANG_WARN_SUSPICIOUS_MOVE = YES;
				CLANG_WARN_UNGUARDED_AVAILABILITY = YES_AGGRESSIVE;
				CLANG_WARN_UNREACHABLE_CODE = YES;
				CLANG_WARN__DUPLICATE_METHOD_MATCH = YES;
				COPY_PHASE_STRIP = NO;
				DEBUG_INFORMATION_FORMAT = "dwarf-with-dsym";
				ENABLE_NS_ASSERTIONS = NO;
				ENABLE_STRICT_OBJC_MSGSEND = YES;
				GCC_C_LANGUAGE_STANDARD = gnu11;
				GCC_NO_COMMON_BLOCKS = YES;
				GCC_WARN_64_TO_32_BIT_CONVERSION = YES;
				GCC_WARN_ABOUT_RETURN_TYPE = YES_ERROR;
				GCC_WARN_UNDECLARED_SELECTOR = YES;
				GCC_WARN_UNINITIALIZED_AUTOS = YES_AGGRESSIVE;
				GCC_WARN_UNUSED_FUNCTION = YES;
				GCC_WARN_UNUSED_VARIABLE = YES;
				IPHONEOS_DEPLOYMENT_TARGET = 13.2;
				MTL_ENABLE_DEBUG_INFO = NO;
				MTL_FAST_MATH = YES;
				SDKROOT = iphoneos;
				SWIFT_COMPILATION_MODE = wholemodule;
				SWIFT_OPTIMIZATION_LEVEL = "-O";
				VALIDATE_PRODUCT = YES;
			};
			name = Release;
		};
		56ED1D1923FF1E70008A46AF /* Debug */ = {
			isa = XCBuildConfiguration;
			buildSettings = {
				ASSETCATALOG_COMPILER_APPICON_NAME = AppIcon;
				CODE_SIGN_STYLE = Automatic;
				DEVELOPMENT_TEAM = 344TJ7238B;
				INFOPLIST_FILE = LocalNotificationLab/Info.plist;
				LD_RUNPATH_SEARCH_PATHS = (
					"$(inherited)",
					"@executable_path/Frameworks",
				);
				PRODUCT_BUNDLE_IDENTIFIER = org.pursuit.LocalNotificationLab;
				PRODUCT_NAME = "$(TARGET_NAME)";
				SWIFT_VERSION = 5.0;
				TARGETED_DEVICE_FAMILY = "1,2";
			};
			name = Debug;
		};
		56ED1D1A23FF1E70008A46AF /* Release */ = {
			isa = XCBuildConfiguration;
			buildSettings = {
				ASSETCATALOG_COMPILER_APPICON_NAME = AppIcon;
				CODE_SIGN_STYLE = Automatic;
				DEVELOPMENT_TEAM = 344TJ7238B;
				INFOPLIST_FILE = LocalNotificationLab/Info.plist;
				LD_RUNPATH_SEARCH_PATHS = (
					"$(inherited)",
					"@executable_path/Frameworks",
				);
				PRODUCT_BUNDLE_IDENTIFIER = org.pursuit.LocalNotificationLab;
				PRODUCT_NAME = "$(TARGET_NAME)";
				SWIFT_VERSION = 5.0;
				TARGETED_DEVICE_FAMILY = "1,2";
			};
			name = Release;
		};
		56ED1D1C23FF1E70008A46AF /* Debug */ = {
			isa = XCBuildConfiguration;
			buildSettings = {
				ALWAYS_EMBED_SWIFT_STANDARD_LIBRARIES = YES;
				BUNDLE_LOADER = "$(TEST_HOST)";
				CODE_SIGN_STYLE = Automatic;
				DEVELOPMENT_TEAM = 344TJ7238B;
				INFOPLIST_FILE = LocalNotificationLabTests/Info.plist;
				IPHONEOS_DEPLOYMENT_TARGET = 13.2;
				LD_RUNPATH_SEARCH_PATHS = (
					"$(inherited)",
					"@executable_path/Frameworks",
					"@loader_path/Frameworks",
				);
				PRODUCT_BUNDLE_IDENTIFIER = org.pursuit.LocalNotificationLabTests;
				PRODUCT_NAME = "$(TARGET_NAME)";
				SWIFT_VERSION = 5.0;
				TARGETED_DEVICE_FAMILY = "1,2";
				TEST_HOST = "$(BUILT_PRODUCTS_DIR)/LocalNotificationLab.app/LocalNotificationLab";
			};
			name = Debug;
		};
		56ED1D1D23FF1E70008A46AF /* Release */ = {
			isa = XCBuildConfiguration;
			buildSettings = {
				ALWAYS_EMBED_SWIFT_STANDARD_LIBRARIES = YES;
				BUNDLE_LOADER = "$(TEST_HOST)";
				CODE_SIGN_STYLE = Automatic;
				DEVELOPMENT_TEAM = 344TJ7238B;
				INFOPLIST_FILE = LocalNotificationLabTests/Info.plist;
				IPHONEOS_DEPLOYMENT_TARGET = 13.2;
				LD_RUNPATH_SEARCH_PATHS = (
					"$(inherited)",
					"@executable_path/Frameworks",
					"@loader_path/Frameworks",
				);
				PRODUCT_BUNDLE_IDENTIFIER = org.pursuit.LocalNotificationLabTests;
				PRODUCT_NAME = "$(TARGET_NAME)";
				SWIFT_VERSION = 5.0;
				TARGETED_DEVICE_FAMILY = "1,2";
				TEST_HOST = "$(BUILT_PRODUCTS_DIR)/LocalNotificationLab.app/LocalNotificationLab";
			};
			name = Release;
		};
/* End XCBuildConfiguration section */

/* Begin XCConfigurationList section */
		56ED1CF423FF1E6E008A46AF /* Build configuration list for PBXProject "LocalNotificationLab" */ = {
			isa = XCConfigurationList;
			buildConfigurations = (
				56ED1D1623FF1E70008A46AF /* Debug */,
				56ED1D1723FF1E70008A46AF /* Release */,
			);
			defaultConfigurationIsVisible = 0;
			defaultConfigurationName = Release;
		};
		56ED1D1823FF1E70008A46AF /* Build configuration list for PBXNativeTarget "LocalNotificationLab" */ = {
			isa = XCConfigurationList;
			buildConfigurations = (
				56ED1D1923FF1E70008A46AF /* Debug */,
				56ED1D1A23FF1E70008A46AF /* Release */,
			);
			defaultConfigurationIsVisible = 0;
			defaultConfigurationName = Release;
		};
		56ED1D1B23FF1E70008A46AF /* Build configuration list for PBXNativeTarget "LocalNotificationLabTests" */ = {
			isa = XCConfigurationList;
			buildConfigurations = (
				56ED1D1C23FF1E70008A46AF /* Debug */,
				56ED1D1D23FF1E70008A46AF /* Release */,
			);
			defaultConfigurationIsVisible = 0;
			defaultConfigurationName = Release;
		};
/* End XCConfigurationList section */
	};
	rootObject = 56ED1CF123FF1E6E008A46AF /* Project object */;
}
